
Microsoft Visual Studio Solution File, Format Version 12.00
# Visual Studio 14
VisualStudioVersion = 14.0.25420.1
MinimumVisualStudioVersion = 10.0.40219.1
Project("{FAE04EC0-301F-11D3-BF4B-00C04F79EFBC}") = "ExpressaoDinamica.View", "ExpressaoDinamica.View\ExpressaoDinamica.View.csproj", "{232BA1FD-A86C-4562-A855-E618E8011367}"
EndProject
Project("{FAE04EC0-301F-11D3-BF4B-00C04F79EFBC}") = "ExpressaoDinamica.Application", "ExpressaoDinamica.Application\ExpressaoDinamica.Application.csproj", "{B98CA1CC-63B0-40B1-B53E-956D3EE5DF6E}"
EndProject
Project("{FAE04EC0-301F-11D3-BF4B-00C04F79EFBC}") = "ExpressaoDinamica.Infrastructure", "ExpressaoDinamica.Infrastructure\ExpressaoDinamica.Infrastructure.csproj", "{FAD71182-76CA-4FBB-990C-32631020B0FA}"
EndProject
Project("{FAE04EC0-301F-11D3-BF4B-00C04F79EFBC}") = "ExpressaoDinamica.Domain", "ExpressaoDinamica.Domain\ExpressaoDinamica.Domain.csproj", "{87025030-F13C-47F7-AB95-18BA6B8CED27}"
EndProject
Global
	GlobalSection(SolutionConfigurationPlatforms) = preSolution
		Debug|Any CPU = Debug|Any CPU
		Release|Any CPU = Release|Any CPU
	EndGlobalSection
	GlobalSection(ProjectConfigurationPlatforms) = postSolution
		{232BA1FD-A86C-4562-A855-E618E8011367}.Debug|Any CPU.ActiveCfg = Debug|Any CPU
		{232BA1FD-A86C-4562-A855-E618E8011367}.Debug|Any CPU.Build.0 = Debug|Any CPU
		{232BA1FD-A86C-4562-A855-E618E8011367}.Release|Any CPU.ActiveCfg = Release|Any CPU
		{232BA1FD-A86C-4562-A855-E618E8011367}.Release|Any CPU.Build.0 = Release|Any CPU
		{B98CA1CC-63B0-40B1-B53E-956D3EE5DF6E}.Debug|Any CPU.ActiveCfg = Debug|Any CPU
		{B98CA1CC-63B0-40B1-B53E-956D3EE5DF6E}.Debug|Any CPU.Build.0 = Debug|Any CPU
		{B98CA1CC-63B0-40B1-B53E-956D3EE5DF6E}.Release|Any CPU.ActiveCfg = Release|Any CPU
		{B98CA1CC-63B0-40B1-B53E-956D3EE5DF6E}.Release|Any CPU.Build.0 = Release|Any CPU
		{FAD71182-76CA-4FBB-990C-32631020B0FA}.Debug|Any CPU.ActiveCfg = Debug|Any CPU
		{FAD71182-76CA-4FBB-990C-32631020B0FA}.Debug|Any CPU.Build.0 = Debug|Any CPU
		{FAD71182-76CA-4FBB-990C-32631020B0FA}.Release|Any CPU.ActiveCfg = Release|Any CPU
		{FAD71182-76CA-4FBB-990C-32631020B0FA}.Release|Any CPU.Build.0 = Release|Any CPU
		{87025030-F13C-47F7-AB95-18BA6B8CED27}.Debug|Any CPU.ActiveCfg = Debug|Any CPU
		{87025030-F13C-47F7-AB95-18BA6B8CED27}.Debug|Any CPU.Build.0 = Debug|Any CPU
		{87025030-F13C-47F7-AB95-18BA6B8CED27}.Release|Any CPU.ActiveCfg = Release|Any CPU
		{87025030-F13C-47F7-AB95-18BA6B8CED27}.Release|Any CPU.Build.0 = Release|Any CPU
	EndGlobalSection
	GlobalSection(SolutionProperties) = preSolution
		HideSolutionNode = FALSE
	EndGlobalSection
EndGlobal
